<?xml version="1.0" encoding="utf-8"?>
<Project ToolsVersion="4.0" xmlns="http://schemas.microsoft.com/developer/msbuild/2003">
  <ItemGroup>
    <Filter Include="Исходные файлы">
      <UniqueIdentifier>{4FC737F1-C7A5-4376-A066-2A32D752A2FF}</UniqueIdentifier>
      <Extensions>cpp;c;cc;cxx;def;odl;idl;hpj;bat;asm;asmx</Extensions>
    </Filter>
    <Filter Include="Файлы заголовков">
      <UniqueIdentifier>{93995380-89BD-4b04-88EB-625FBE52EBFB}</UniqueIdentifier>
      <Extensions>h;hh;hpp;hxx;hm;inl;inc;ipp;xsd</Extensions>
    </Filter>
    <Filter Include="Файлы ресурсов">
      <UniqueIdentifier>{67DA6AB6-F800-4c08-8B7A-83BB121AAD01}</UniqueIdentifier>
      <Extensions>rc;ico;cur;bmp;dlg;rc2;rct;bin;rgs;gif;jpg;jpeg;jpe;resx;tiff;tif;png;wav;mfcribbon-ms</Extensions>
    </Filter>
    <Filter Include="Исходные файлы\Шейдеры">
      <UniqueIdentifier>{9e682a04-09bd-420c-a8e5-82f37a93c70a}</UniqueIdentifier>
    </Filter>
    <Filter Include="Исходные файлы\Шейдеры\Вершинные">
      <UniqueIdentifier>{4427dcad-80b4-4f25-91d8-9c66d055c586}</UniqueIdentifier>
    </Filter>
  </ItemGroup>
  <ItemGroup>
    <ClCompile Include="GraphicTest.cpp">
      <Filter>Исходные файлы</Filter>
    </ClCompile>
  </ItemGroup>
  <ItemGroup>
    <ClInclude Include="MyLib\glut-3.7\include\GL\glut.h">
      <Filter>Исходные файлы</Filter>
    </ClInclude>
    <ClInclude Include="Models.h">
      <Filter>Файлы заголовков</Filter>
    </ClInclude>
    <ClInclude Include="Cube1.h">
      <Filter>Файлы заголовков</Filter>
    </ClInclude>
    <ClInclude Include="Pyramid.h">
      <Filter>Файлы заголовков</Filter>
    </ClInclude>
    <ClInclude Include="Shader.h">
      <Filter>Файлы заголовков</Filter>
    </ClInclude>
    <ClInclude Include="Floor.h">
      <Filter>Исходные файлы</Filter>
    </ClInclude>
    <ClInclude Include="Sphereh.h">
      <Filter>Исходные файлы</Filter>
    </ClInclude>
    <ClInclude Include="Cat.h">
      <Filter>Исходные файлы</Filter>
    </ClInclude>
    <ClInclude Include="MakePoints.h">
      <Filter>Исходные файлы</Filter>
    </ClInclude>
    <ClInclude Include="FragNormalMap.glsl">
      <Filter>Исходные файлы\Шейдеры</Filter>
    </ClInclude>
  </ItemGroup>
  <ItemGroup>
    <None Include="CookTorranceFrag.glsl">
      <Filter>Исходные файлы\Шейдеры</Filter>
    </None>
    <None Include="CubeFrag.glsl">
      <Filter>Исходные файлы\Шейдеры</Filter>
    </None>
    <None Include="PyramidFrag.glsl">
      <Filter>Исходные файлы\Шейдеры</Filter>
    </None>
    <None Include="TextureFongFrag.glsl">
      <Filter>Исходные файлы\Шейдеры</Filter>
    </None>
    <None Include="CookTorranceVertex.glsl">
      <Filter>Исходные файлы\Шейдеры\Вершинные</Filter>
    </None>
    <None Include="CubeVertex.glsl">
      <Filter>Исходные файлы\Шейдеры\Вершинные</Filter>
    </None>
    <None Include="PyramidVertex.glsl">
      <Filter>Исходные файлы\Шейдеры\Вершинные</Filter>
    </None>
    <None Include="TextureFongVertex.glsl">
      <Filter>Исходные файлы\Шейдеры\Вершинные</Filter>
    </None>
    <None Include="ParalaxFrag.glsl">
      <Filter>Исходные файлы\Шейдеры\Вершинные</Filter>
    </None>
  </ItemGroup>
  <ItemGroup>
    <Image Include="Metall1.jpg">
      <Filter>Файлы ресурсов</Filter>
    </Image>
    <Image Include="NormalMap.png">
      <Filter>Файлы ресурсов</Filter>
    </Image>
    <Image Include="DisplacementMap.png">
      <Filter>Файлы ресурсов</Filter>
    </Image>
    <Image Include="DisplacementMap2.png">
      <Filter>Файлы ресурсов</Filter>
    </Image>
  </ItemGroup>
</Project>